
Microsoft Visual Studio Solution File, Format Version 12.00
# Visual Studio 14
VisualStudioVersion = 14.0.23107.0
MinimumVisualStudioVersion = 10.0.40219.1
Project("{FAE04EC0-301F-11D3-BF4B-00C04F79EFBC}") = "P4_2_1184018", "P4_2_1184018\P4_2_1184018.csproj", "{FFD9F7D9-CB2F-4E7F-8CB2-9B5A19ED2576}"
EndProject
Global
	GlobalSection(SolutionConfigurationPlatforms) = preSolution
		Debug|Any CPU = Debug|Any CPU
		Release|Any CPU = Release|Any CPU
	EndGlobalSection
	GlobalSection(ProjectConfigurationPlatforms) = postSolution
		{FFD9F7D9-CB2F-4E7F-8CB2-9B5A19ED2576}.Debug|Any CPU.ActiveCfg = Debug|Any CPU
		{FFD9F7D9-CB2F-4E7F-8CB2-9B5A19ED2576}.Debug|Any CPU.Build.0 = Debug|Any CPU
		{FFD9F7D9-CB2F-4E7F-8CB2-9B5A19ED2576}.Release|Any CPU.ActiveCfg = Release|Any CPU
		{FFD9F7D9-CB2F-4E7F-8CB2-9B5A19ED2576}.Release|Any CPU.Build.0 = Release|Any CPU
	EndGlobalSection
	GlobalSection(SolutionProperties) = preSolution
		HideSolutionNode = FALSE
	EndGlobalSection
EndGlobal
